{
  "name": "kiniauth",
  "lockfileVersion": 2,
  "requires": true,
  "packages": {
    "": {
      "dependencies": {
        "hibp-js": "^1.0.0"
      }
    },
    "node_modules/hibp-js": {
      "version": "1.0.0",
      "resolved": "https://registry.npmjs.org/hibp-js/-/hibp-js-1.0.0.tgz",
      "integrity": "sha512-xBRNkuj7t7K7023SzCIHxNP8TR804XCarbVQEVRemuvy/L97JAwyZwLqYF3Nf/cIZstCrFxwlb5dljTYmJk6qA=="
    }
  },
  "dependencies": {
    "hibp-js": {
      "version": "1.0.0",
      "resolved": "https://registry.npmjs.org/hibp-js/-/hibp-js-1.0.0.tgz",
      "integrity": "sha512-xBRNkuj7t7K7023SzCIHxNP8TR804XCarbVQEVRemuvy/L97JAwyZwLqYF3Nf/cIZstCrFxwlb5dljTYmJk6qA=="
    }
  }
}
